
Microsoft Visual Studio Solution File, Format Version 12.00
# Visual Studio Version 16
VisualStudioVersion = 16.0.30114.105
MinimumVisualStudioVersion = 10.0.40219.1
Project("{2150E333-8FDC-42A3-9474-1A3956D46DE8}") = "api", "api", "{449EE56E-210E-4FCC-A57F-E31731B17DCA}"
EndProject
Project("{FAE04EC0-301F-11D3-BF4B-00C04F79EFBC}") = "asqapi", "api\asqapi\asqapi.csproj", "{31769ED6-45E2-405C-B2EC-DBEA6A335583}"
EndProject
Project("{2150E333-8FDC-42A3-9474-1A3956D46DE8}") = "lib", "lib", "{D13B06A8-6D65-4B5D-8210-3174EA55CCBA}"
EndProject
Project("{FAE04EC0-301F-11D3-BF4B-00C04F79EFBC}") = "Caching", "lib\Caching\Caching.csproj", "{298352CF-F7FC-4327-8048-21A727722ECF}"
EndProject
Project("{FAE04EC0-301F-11D3-BF4B-00C04F79EFBC}") = "dbaccess", "lib\dbaccess\dbaccess.csproj", "{F31E38F9-C29E-4F13-BAAE-659AF101E3F5}"
EndProject
Project("{FAE04EC0-301F-11D3-BF4B-00C04F79EFBC}") = "dbaccess.Tests", "lib\dbaccess.Tests\dbaccess.Tests.csproj", "{CF1E6E41-7A6E-45EA-9B77-F9A8B226472D}"
EndProject
Project("{FAE04EC0-301F-11D3-BF4B-00C04F79EFBC}") = "extensions", "lib\extensions\extensions.csproj", "{3AC4D322-82F4-42C2-899F-B3638B1B6CB9}"
EndProject
Project("{FAE04EC0-301F-11D3-BF4B-00C04F79EFBC}") = "MailClient", "lib\MailClient\MailClient.csproj", "{D09502DC-7BF8-4A18-987E-96F13AD701C0}"
EndProject
Project("{2150E333-8FDC-42A3-9474-1A3956D46DE8}") = "models", "models", "{022C0A24-0F47-4604-80D7-9E60572C0FEF}"
EndProject
Project("{FAE04EC0-301F-11D3-BF4B-00C04F79EFBC}") = "DTO", "lib\models\DTO\DTO.csproj", "{B657A47E-AFC7-4922-BE18-C79D37641F63}"
EndProject
Project("{FAE04EC0-301F-11D3-BF4B-00C04F79EFBC}") = "processes", "lib\processes\processes.csproj", "{67E2F362-CBDD-4934-92FA-9FF5E979A885}"
EndProject
Project("{FAE04EC0-301F-11D3-BF4B-00C04F79EFBC}") = "processes.Tests", "lib\processes.Tests\processes.Tests.csproj", "{D00FB92C-507F-490E-8323-431BD607407D}"
EndProject
Project("{FAE04EC0-301F-11D3-BF4B-00C04F79EFBC}") = "ZoomClient", "lib\ZoomClient\ZoomClient.csproj", "{D75EEF88-8EF2-4D32-B808-1F33D0AB56FC}"
EndProject
Project("{FAE04EC0-301F-11D3-BF4B-00C04F79EFBC}") = "ZoomClient.Tests", "lib\ZoomClient.Tests\ZoomClient.Tests.csproj", "{1C3709FE-D14A-4AB9-BCE6-7D560ACFD95F}"
EndProject
Project("{2150E333-8FDC-42A3-9474-1A3956D46DE8}") = "managers", "managers", "{BE57CCE0-D028-4FEB-9614-09FAACD5B0C7}"
EndProject
Project("{FAE04EC0-301F-11D3-BF4B-00C04F79EFBC}") = "managers", "lib\managers\managers\managers.csproj", "{3DED1BC9-32B9-41B3-A06B-4F73786CB4ED}"
EndProject
Project("{2150E333-8FDC-42A3-9474-1A3956D46DE8}") = "workers", "workers", "{4DC6583B-36C6-481E-9FB4-30B8354DC9CE}"
EndProject
Project("{FAE04EC0-301F-11D3-BF4B-00C04F79EFBC}") = "EventEngine", "workers\EventEngine\EventEngine.csproj", "{8EE2B0B4-9C76-4B2F-8155-811C6F1AEEEE}"
EndProject
Project("{FAE04EC0-301F-11D3-BF4B-00C04F79EFBC}") = "RecordingDownloadWorker", "workers\RecordingDownloadWorker\RecordingDownloadWorker.csproj", "{7959F866-FE22-49AC-AC00-610244FB58E7}"
EndProject
Global
	GlobalSection(SolutionConfigurationPlatforms) = preSolution
		Debug|Any CPU = Debug|Any CPU
		Debug|x64 = Debug|x64
		Debug|x86 = Debug|x86
		Release|Any CPU = Release|Any CPU
		Release|x64 = Release|x64
		Release|x86 = Release|x86
	EndGlobalSection
	GlobalSection(SolutionProperties) = preSolution
		HideSolutionNode = FALSE
	EndGlobalSection
	GlobalSection(ProjectConfigurationPlatforms) = postSolution
		{31769ED6-45E2-405C-B2EC-DBEA6A335583}.Debug|Any CPU.ActiveCfg = Debug|Any CPU
		{31769ED6-45E2-405C-B2EC-DBEA6A335583}.Debug|Any CPU.Build.0 = Debug|Any CPU
		{31769ED6-45E2-405C-B2EC-DBEA6A335583}.Debug|x64.ActiveCfg = Debug|Any CPU
		{31769ED6-45E2-405C-B2EC-DBEA6A335583}.Debug|x64.Build.0 = Debug|Any CPU
		{31769ED6-45E2-405C-B2EC-DBEA6A335583}.Debug|x86.ActiveCfg = Debug|Any CPU
		{31769ED6-45E2-405C-B2EC-DBEA6A335583}.Debug|x86.Build.0 = Debug|Any CPU
		{31769ED6-45E2-405C-B2EC-DBEA6A335583}.Release|Any CPU.ActiveCfg = Release|Any CPU
		{31769ED6-45E2-405C-B2EC-DBEA6A335583}.Release|Any CPU.Build.0 = Release|Any CPU
		{31769ED6-45E2-405C-B2EC-DBEA6A335583}.Release|x64.ActiveCfg = Release|Any CPU
		{31769ED6-45E2-405C-B2EC-DBEA6A335583}.Release|x64.Build.0 = Release|Any CPU
		{31769ED6-45E2-405C-B2EC-DBEA6A335583}.Release|x86.ActiveCfg = Release|Any CPU
		{31769ED6-45E2-405C-B2EC-DBEA6A335583}.Release|x86.Build.0 = Release|Any CPU
		{298352CF-F7FC-4327-8048-21A727722ECF}.Debug|Any CPU.ActiveCfg = Debug|Any CPU
		{298352CF-F7FC-4327-8048-21A727722ECF}.Debug|Any CPU.Build.0 = Debug|Any CPU
		{298352CF-F7FC-4327-8048-21A727722ECF}.Debug|x64.ActiveCfg = Debug|Any CPU
		{298352CF-F7FC-4327-8048-21A727722ECF}.Debug|x64.Build.0 = Debug|Any CPU
		{298352CF-F7FC-4327-8048-21A727722ECF}.Debug|x86.ActiveCfg = Debug|Any CPU
		{298352CF-F7FC-4327-8048-21A727722ECF}.Debug|x86.Build.0 = Debug|Any CPU
		{298352CF-F7FC-4327-8048-21A727722ECF}.Release|Any CPU.ActiveCfg = Release|Any CPU
		{298352CF-F7FC-4327-8048-21A727722ECF}.Release|Any CPU.Build.0 = Release|Any CPU
		{298352CF-F7FC-4327-8048-21A727722ECF}.Release|x64.ActiveCfg = Release|Any CPU
		{298352CF-F7FC-4327-8048-21A727722ECF}.Release|x64.Build.0 = Release|Any CPU
		{298352CF-F7FC-4327-8048-21A727722ECF}.Release|x86.ActiveCfg = Release|Any CPU
		{298352CF-F7FC-4327-8048-21A727722ECF}.Release|x86.Build.0 = Release|Any CPU
		{F31E38F9-C29E-4F13-BAAE-659AF101E3F5}.Debug|Any CPU.ActiveCfg = Debug|Any CPU
		{F31E38F9-C29E-4F13-BAAE-659AF101E3F5}.Debug|Any CPU.Build.0 = Debug|Any CPU
		{F31E38F9-C29E-4F13-BAAE-659AF101E3F5}.Debug|x64.ActiveCfg = Debug|Any CPU
		{F31E38F9-C29E-4F13-BAAE-659AF101E3F5}.Debug|x64.Build.0 = Debug|Any CPU
		{F31E38F9-C29E-4F13-BAAE-659AF101E3F5}.Debug|x86.ActiveCfg = Debug|Any CPU
		{F31E38F9-C29E-4F13-BAAE-659AF101E3F5}.Debug|x86.Build.0 = Debug|Any CPU
		{F31E38F9-C29E-4F13-BAAE-659AF101E3F5}.Release|Any CPU.ActiveCfg = Release|Any CPU
		{F31E38F9-C29E-4F13-BAAE-659AF101E3F5}.Release|Any CPU.Build.0 = Release|Any CPU
		{F31E38F9-C29E-4F13-BAAE-659AF101E3F5}.Release|x64.ActiveCfg = Release|Any CPU
		{F31E38F9-C29E-4F13-BAAE-659AF101E3F5}.Release|x64.Build.0 = Release|Any CPU
		{F31E38F9-C29E-4F13-BAAE-659AF101E3F5}.Release|x86.ActiveCfg = Release|Any CPU
		{F31E38F9-C29E-4F13-BAAE-659AF101E3F5}.Release|x86.Build.0 = Release|Any CPU
		{CF1E6E41-7A6E-45EA-9B77-F9A8B226472D}.Debug|Any CPU.ActiveCfg = Debug|Any CPU
		{CF1E6E41-7A6E-45EA-9B77-F9A8B226472D}.Debug|Any CPU.Build.0 = Debug|Any CPU
		{CF1E6E41-7A6E-45EA-9B77-F9A8B226472D}.Debug|x64.ActiveCfg = Debug|Any CPU
		{CF1E6E41-7A6E-45EA-9B77-F9A8B226472D}.Debug|x64.Build.0 = Debug|Any CPU
		{CF1E6E41-7A6E-45EA-9B77-F9A8B226472D}.Debug|x86.ActiveCfg = Debug|Any CPU
		{CF1E6E41-7A6E-45EA-9B77-F9A8B226472D}.Debug|x86.Build.0 = Debug|Any CPU
		{CF1E6E41-7A6E-45EA-9B77-F9A8B226472D}.Release|Any CPU.ActiveCfg = Release|Any CPU
		{CF1E6E41-7A6E-45EA-9B77-F9A8B226472D}.Release|Any CPU.Build.0 = Release|Any CPU
		{CF1E6E41-7A6E-45EA-9B77-F9A8B226472D}.Release|x64.ActiveCfg = Release|Any CPU
		{CF1E6E41-7A6E-45EA-9B77-F9A8B226472D}.Release|x64.Build.0 = Release|Any CPU
		{CF1E6E41-7A6E-45EA-9B77-F9A8B226472D}.Release|x86.ActiveCfg = Release|Any CPU
		{CF1E6E41-7A6E-45EA-9B77-F9A8B226472D}.Release|x86.Build.0 = Release|Any CPU
		{3AC4D322-82F4-42C2-899F-B3638B1B6CB9}.Debug|Any CPU.ActiveCfg = Debug|Any CPU
		{3AC4D322-82F4-42C2-899F-B3638B1B6CB9}.Debug|Any CPU.Build.0 = Debug|Any CPU
		{3AC4D322-82F4-42C2-899F-B3638B1B6CB9}.Debug|x64.ActiveCfg = Debug|Any CPU
		{3AC4D322-82F4-42C2-899F-B3638B1B6CB9}.Debug|x64.Build.0 = Debug|Any CPU
		{3AC4D322-82F4-42C2-899F-B3638B1B6CB9}.Debug|x86.ActiveCfg = Debug|Any CPU
		{3AC4D322-82F4-42C2-899F-B3638B1B6CB9}.Debug|x86.Build.0 = Debug|Any CPU
		{3AC4D322-82F4-42C2-899F-B3638B1B6CB9}.Release|Any CPU.ActiveCfg = Release|Any CPU
		{3AC4D322-82F4-42C2-899F-B3638B1B6CB9}.Release|Any CPU.Build.0 = Release|Any CPU
		{3AC4D322-82F4-42C2-899F-B3638B1B6CB9}.Release|x64.ActiveCfg = Release|Any CPU
		{3AC4D322-82F4-42C2-899F-B3638B1B6CB9}.Release|x64.Build.0 = Release|Any CPU
		{3AC4D322-82F4-42C2-899F-B3638B1B6CB9}.Release|x86.ActiveCfg = Release|Any CPU
		{3AC4D322-82F4-42C2-899F-B3638B1B6CB9}.Release|x86.Build.0 = Release|Any CPU
		{D09502DC-7BF8-4A18-987E-96F13AD701C0}.Debug|Any CPU.ActiveCfg = Debug|Any CPU
		{D09502DC-7BF8-4A18-987E-96F13AD701C0}.Debug|Any CPU.Build.0 = Debug|Any CPU
		{D09502DC-7BF8-4A18-987E-96F13AD701C0}.Debug|x64.ActiveCfg = Debug|Any CPU
		{D09502DC-7BF8-4A18-987E-96F13AD701C0}.Debug|x64.Build.0 = Debug|Any CPU
		{D09502DC-7BF8-4A18-987E-96F13AD701C0}.Debug|x86.ActiveCfg = Debug|Any CPU
		{D09502DC-7BF8-4A18-987E-96F13AD701C0}.Debug|x86.Build.0 = Debug|Any CPU
		{D09502DC-7BF8-4A18-987E-96F13AD701C0}.Release|Any CPU.ActiveCfg = Release|Any CPU
		{D09502DC-7BF8-4A18-987E-96F13AD701C0}.Release|Any CPU.Build.0 = Release|Any CPU
		{D09502DC-7BF8-4A18-987E-96F13AD701C0}.Release|x64.ActiveCfg = Release|Any CPU
		{D09502DC-7BF8-4A18-987E-96F13AD701C0}.Release|x64.Build.0 = Release|Any CPU
		{D09502DC-7BF8-4A18-987E-96F13AD701C0}.Release|x86.ActiveCfg = Release|Any CPU
		{D09502DC-7BF8-4A18-987E-96F13AD701C0}.Release|x86.Build.0 = Release|Any CPU
		{B657A47E-AFC7-4922-BE18-C79D37641F63}.Debug|Any CPU.ActiveCfg = Debug|Any CPU
		{B657A47E-AFC7-4922-BE18-C79D37641F63}.Debug|Any CPU.Build.0 = Debug|Any CPU
		{B657A47E-AFC7-4922-BE18-C79D37641F63}.Debug|x64.ActiveCfg = Debug|Any CPU
		{B657A47E-AFC7-4922-BE18-C79D37641F63}.Debug|x64.Build.0 = Debug|Any CPU
		{B657A47E-AFC7-4922-BE18-C79D37641F63}.Debug|x86.ActiveCfg = Debug|Any CPU
		{B657A47E-AFC7-4922-BE18-C79D37641F63}.Debug|x86.Build.0 = Debug|Any CPU
		{B657A47E-AFC7-4922-BE18-C79D37641F63}.Release|Any CPU.ActiveCfg = Release|Any CPU
		{B657A47E-AFC7-4922-BE18-C79D37641F63}.Release|Any CPU.Build.0 = Release|Any CPU
		{B657A47E-AFC7-4922-BE18-C79D37641F63}.Release|x64.ActiveCfg = Release|Any CPU
		{B657A47E-AFC7-4922-BE18-C79D37641F63}.Release|x64.Build.0 = Release|Any CPU
		{B657A47E-AFC7-4922-BE18-C79D37641F63}.Release|x86.ActiveCfg = Release|Any CPU
		{B657A47E-AFC7-4922-BE18-C79D37641F63}.Release|x86.Build.0 = Release|Any CPU
		{67E2F362-CBDD-4934-92FA-9FF5E979A885}.Debug|Any CPU.ActiveCfg = Debug|Any CPU
		{67E2F362-CBDD-4934-92FA-9FF5E979A885}.Debug|Any CPU.Build.0 = Debug|Any CPU
		{67E2F362-CBDD-4934-92FA-9FF5E979A885}.Debug|x64.ActiveCfg = Debug|Any CPU
		{67E2F362-CBDD-4934-92FA-9FF5E979A885}.Debug|x64.Build.0 = Debug|Any CPU
		{67E2F362-CBDD-4934-92FA-9FF5E979A885}.Debug|x86.ActiveCfg = Debug|Any CPU
		{67E2F362-CBDD-4934-92FA-9FF5E979A885}.Debug|x86.Build.0 = Debug|Any CPU
		{67E2F362-CBDD-4934-92FA-9FF5E979A885}.Release|Any CPU.ActiveCfg = Release|Any CPU
		{67E2F362-CBDD-4934-92FA-9FF5E979A885}.Release|Any CPU.Build.0 = Release|Any CPU
		{67E2F362-CBDD-4934-92FA-9FF5E979A885}.Release|x64.ActiveCfg = Release|Any CPU
		{67E2F362-CBDD-4934-92FA-9FF5E979A885}.Release|x64.Build.0 = Release|Any CPU
		{67E2F362-CBDD-4934-92FA-9FF5E979A885}.Release|x86.ActiveCfg = Release|Any CPU
		{67E2F362-CBDD-4934-92FA-9FF5E979A885}.Release|x86.Build.0 = Release|Any CPU
		{D00FB92C-507F-490E-8323-431BD607407D}.Debug|Any CPU.ActiveCfg = Debug|Any CPU
		{D00FB92C-507F-490E-8323-431BD607407D}.Debug|Any CPU.Build.0 = Debug|Any CPU
		{D00FB92C-507F-490E-8323-431BD607407D}.Debug|x64.ActiveCfg = Debug|Any CPU
		{D00FB92C-507F-490E-8323-431BD607407D}.Debug|x64.Build.0 = Debug|Any CPU
		{D00FB92C-507F-490E-8323-431BD607407D}.Debug|x86.ActiveCfg = Debug|Any CPU
		{D00FB92C-507F-490E-8323-431BD607407D}.Debug|x86.Build.0 = Debug|Any CPU
		{D00FB92C-507F-490E-8323-431BD607407D}.Release|Any CPU.ActiveCfg = Release|Any CPU
		{D00FB92C-507F-490E-8323-431BD607407D}.Release|Any CPU.Build.0 = Release|Any CPU
		{D00FB92C-507F-490E-8323-431BD607407D}.Release|x64.ActiveCfg = Release|Any CPU
		{D00FB92C-507F-490E-8323-431BD607407D}.Release|x64.Build.0 = Release|Any CPU
		{D00FB92C-507F-490E-8323-431BD607407D}.Release|x86.ActiveCfg = Release|Any CPU
		{D00FB92C-507F-490E-8323-431BD607407D}.Release|x86.Build.0 = Release|Any CPU
		{D75EEF88-8EF2-4D32-B808-1F33D0AB56FC}.Debug|Any CPU.ActiveCfg = Debug|Any CPU
		{D75EEF88-8EF2-4D32-B808-1F33D0AB56FC}.Debug|Any CPU.Build.0 = Debug|Any CPU
		{D75EEF88-8EF2-4D32-B808-1F33D0AB56FC}.Debug|x64.ActiveCfg = Debug|Any CPU
		{D75EEF88-8EF2-4D32-B808-1F33D0AB56FC}.Debug|x64.Build.0 = Debug|Any CPU
		{D75EEF88-8EF2-4D32-B808-1F33D0AB56FC}.Debug|x86.ActiveCfg = Debug|Any CPU
		{D75EEF88-8EF2-4D32-B808-1F33D0AB56FC}.Debug|x86.Build.0 = Debug|Any CPU
		{D75EEF88-8EF2-4D32-B808-1F33D0AB56FC}.Release|Any CPU.ActiveCfg = Release|Any CPU
		{D75EEF88-8EF2-4D32-B808-1F33D0AB56FC}.Release|Any CPU.Build.0 = Release|Any CPU
		{D75EEF88-8EF2-4D32-B808-1F33D0AB56FC}.Release|x64.ActiveCfg = Release|Any CPU
		{D75EEF88-8EF2-4D32-B808-1F33D0AB56FC}.Release|x64.Build.0 = Release|Any CPU
		{D75EEF88-8EF2-4D32-B808-1F33D0AB56FC}.Release|x86.ActiveCfg = Release|Any CPU
		{D75EEF88-8EF2-4D32-B808-1F33D0AB56FC}.Release|x86.Build.0 = Release|Any CPU
		{1C3709FE-D14A-4AB9-BCE6-7D560ACFD95F}.Debug|Any CPU.ActiveCfg = Debug|Any CPU
		{1C3709FE-D14A-4AB9-BCE6-7D560ACFD95F}.Debug|Any CPU.Build.0 = Debug|Any CPU
		{1C3709FE-D14A-4AB9-BCE6-7D560ACFD95F}.Debug|x64.ActiveCfg = Debug|Any CPU
		{1C3709FE-D14A-4AB9-BCE6-7D560ACFD95F}.Debug|x64.Build.0 = Debug|Any CPU
		{1C3709FE-D14A-4AB9-BCE6-7D560ACFD95F}.Debug|x86.ActiveCfg = Debug|Any CPU
		{1C3709FE-D14A-4AB9-BCE6-7D560ACFD95F}.Debug|x86.Build.0 = Debug|Any CPU
		{1C3709FE-D14A-4AB9-BCE6-7D560ACFD95F}.Release|Any CPU.ActiveCfg = Release|Any CPU
		{1C3709FE-D14A-4AB9-BCE6-7D560ACFD95F}.Release|Any CPU.Build.0 = Release|Any CPU
		{1C3709FE-D14A-4AB9-BCE6-7D560ACFD95F}.Release|x64.ActiveCfg = Release|Any CPU
		{1C3709FE-D14A-4AB9-BCE6-7D560ACFD95F}.Release|x64.Build.0 = Release|Any CPU
		{1C3709FE-D14A-4AB9-BCE6-7D560ACFD95F}.Release|x86.ActiveCfg = Release|Any CPU
		{1C3709FE-D14A-4AB9-BCE6-7D560ACFD95F}.Release|x86.Build.0 = Release|Any CPU
		{3DED1BC9-32B9-41B3-A06B-4F73786CB4ED}.Debug|Any CPU.ActiveCfg = Debug|Any CPU
		{3DED1BC9-32B9-41B3-A06B-4F73786CB4ED}.Debug|Any CPU.Build.0 = Debug|Any CPU
		{3DED1BC9-32B9-41B3-A06B-4F73786CB4ED}.Debug|x64.ActiveCfg = Debug|Any CPU
		{3DED1BC9-32B9-41B3-A06B-4F73786CB4ED}.Debug|x64.Build.0 = Debug|Any CPU
		{3DED1BC9-32B9-41B3-A06B-4F73786CB4ED}.Debug|x86.ActiveCfg = Debug|Any CPU
		{3DED1BC9-32B9-41B3-A06B-4F73786CB4ED}.Debug|x86.Build.0 = Debug|Any CPU
		{3DED1BC9-32B9-41B3-A06B-4F73786CB4ED}.Release|Any CPU.ActiveCfg = Release|Any CPU
		{3DED1BC9-32B9-41B3-A06B-4F73786CB4ED}.Release|Any CPU.Build.0 = Release|Any CPU
		{3DED1BC9-32B9-41B3-A06B-4F73786CB4ED}.Release|x64.ActiveCfg = Release|Any CPU
		{3DED1BC9-32B9-41B3-A06B-4F73786CB4ED}.Release|x64.Build.0 = Release|Any CPU
		{3DED1BC9-32B9-41B3-A06B-4F73786CB4ED}.Release|x86.ActiveCfg = Release|Any CPU
		{3DED1BC9-32B9-41B3-A06B-4F73786CB4ED}.Release|x86.Build.0 = Release|Any CPU
		{8EE2B0B4-9C76-4B2F-8155-811C6F1AEEEE}.Debug|Any CPU.ActiveCfg = Debug|Any CPU
		{8EE2B0B4-9C76-4B2F-8155-811C6F1AEEEE}.Debug|Any CPU.Build.0 = Debug|Any CPU
		{8EE2B0B4-9C76-4B2F-8155-811C6F1AEEEE}.Debug|x64.ActiveCfg = Debug|Any CPU
		{8EE2B0B4-9C76-4B2F-8155-811C6F1AEEEE}.Debug|x64.Build.0 = Debug|Any CPU
		{8EE2B0B4-9C76-4B2F-8155-811C6F1AEEEE}.Debug|x86.ActiveCfg = Debug|Any CPU
		{8EE2B0B4-9C76-4B2F-8155-811C6F1AEEEE}.Debug|x86.Build.0 = Debug|Any CPU
		{8EE2B0B4-9C76-4B2F-8155-811C6F1AEEEE}.Release|Any CPU.ActiveCfg = Release|Any CPU
		{8EE2B0B4-9C76-4B2F-8155-811C6F1AEEEE}.Release|Any CPU.Build.0 = Release|Any CPU
		{8EE2B0B4-9C76-4B2F-8155-811C6F1AEEEE}.Release|x64.ActiveCfg = Release|Any CPU
		{8EE2B0B4-9C76-4B2F-8155-811C6F1AEEEE}.Release|x64.Build.0 = Release|Any CPU
		{8EE2B0B4-9C76-4B2F-8155-811C6F1AEEEE}.Release|x86.ActiveCfg = Release|Any CPU
		{8EE2B0B4-9C76-4B2F-8155-811C6F1AEEEE}.Release|x86.Build.0 = Release|Any CPU
		{7959F866-FE22-49AC-AC00-610244FB58E7}.Debug|Any CPU.ActiveCfg = Debug|Any CPU
		{7959F866-FE22-49AC-AC00-610244FB58E7}.Debug|Any CPU.Build.0 = Debug|Any CPU
		{7959F866-FE22-49AC-AC00-610244FB58E7}.Debug|x64.ActiveCfg = Debug|Any CPU
		{7959F866-FE22-49AC-AC00-610244FB58E7}.Debug|x64.Build.0 = Debug|Any CPU
		{7959F866-FE22-49AC-AC00-610244FB58E7}.Debug|x86.ActiveCfg = Debug|Any CPU
		{7959F866-FE22-49AC-AC00-610244FB58E7}.Debug|x86.Build.0 = Debug|Any CPU
		{7959F866-FE22-49AC-AC00-610244FB58E7}.Release|Any CPU.ActiveCfg = Release|Any CPU
		{7959F866-FE22-49AC-AC00-610244FB58E7}.Release|Any CPU.Build.0 = Release|Any CPU
		{7959F866-FE22-49AC-AC00-610244FB58E7}.Release|x64.ActiveCfg = Release|Any CPU
		{7959F866-FE22-49AC-AC00-610244FB58E7}.Release|x64.Build.0 = Release|Any CPU
		{7959F866-FE22-49AC-AC00-610244FB58E7}.Release|x86.ActiveCfg = Release|Any CPU
		{7959F866-FE22-49AC-AC00-610244FB58E7}.Release|x86.Build.0 = Release|Any CPU
	EndGlobalSection
	GlobalSection(NestedProjects) = preSolution
		{31769ED6-45E2-405C-B2EC-DBEA6A335583} = {449EE56E-210E-4FCC-A57F-E31731B17DCA}
		{298352CF-F7FC-4327-8048-21A727722ECF} = {D13B06A8-6D65-4B5D-8210-3174EA55CCBA}
		{F31E38F9-C29E-4F13-BAAE-659AF101E3F5} = {D13B06A8-6D65-4B5D-8210-3174EA55CCBA}
		{CF1E6E41-7A6E-45EA-9B77-F9A8B226472D} = {D13B06A8-6D65-4B5D-8210-3174EA55CCBA}
		{3AC4D322-82F4-42C2-899F-B3638B1B6CB9} = {D13B06A8-6D65-4B5D-8210-3174EA55CCBA}
		{D09502DC-7BF8-4A18-987E-96F13AD701C0} = {D13B06A8-6D65-4B5D-8210-3174EA55CCBA}
		{022C0A24-0F47-4604-80D7-9E60572C0FEF} = {D13B06A8-6D65-4B5D-8210-3174EA55CCBA}
		{B657A47E-AFC7-4922-BE18-C79D37641F63} = {022C0A24-0F47-4604-80D7-9E60572C0FEF}
		{67E2F362-CBDD-4934-92FA-9FF5E979A885} = {D13B06A8-6D65-4B5D-8210-3174EA55CCBA}
		{D00FB92C-507F-490E-8323-431BD607407D} = {D13B06A8-6D65-4B5D-8210-3174EA55CCBA}
		{D75EEF88-8EF2-4D32-B808-1F33D0AB56FC} = {D13B06A8-6D65-4B5D-8210-3174EA55CCBA}
		{1C3709FE-D14A-4AB9-BCE6-7D560ACFD95F} = {D13B06A8-6D65-4B5D-8210-3174EA55CCBA}
		{BE57CCE0-D028-4FEB-9614-09FAACD5B0C7} = {D13B06A8-6D65-4B5D-8210-3174EA55CCBA}
		{3DED1BC9-32B9-41B3-A06B-4F73786CB4ED} = {BE57CCE0-D028-4FEB-9614-09FAACD5B0C7}
		{8EE2B0B4-9C76-4B2F-8155-811C6F1AEEEE} = {4DC6583B-36C6-481E-9FB4-30B8354DC9CE}
		{7959F866-FE22-49AC-AC00-610244FB58E7} = {4DC6583B-36C6-481E-9FB4-30B8354DC9CE}
	EndGlobalSection
EndGlobal
